PODS:
  - ShadowSocks-libev-iOS (3.2.5):
    - ShadowSocks-libev-iOS/c-ares (= 3.2.5)
    - ShadowSocks-libev-iOS/libbloom (= 3.2.5)
    - ShadowSocks-libev-iOS/libcork (= 3.2.5)
    - ShadowSocks-libev-iOS/libev (= 3.2.5)
    - ShadowSocks-libev-iOS/libipset (= 3.2.5)
    - ShadowSocks-libev-iOS/mbedtls (= 3.2.5)
    - ShadowSocks-libev-iOS/pcre (= 3.2.5)
    - ShadowSocks-libev-iOS/sodium (= 3.2.5)
  - ShadowSocks-libev-iOS/c-ares (3.2.5)
  - ShadowSocks-libev-iOS/libbloom (3.2.5)
  - ShadowSocks-libev-iOS/libcork (3.2.5)
  - ShadowSocks-libev-iOS/libev (3.2.5)
  - ShadowSocks-libev-iOS/libipset (3.2.5):
    - ShadowSocks-libev-iOS/libcork
  - ShadowSocks-libev-iOS/mbedtls (3.2.5)
  - ShadowSocks-libev-iOS/pcre (3.2.5)
  - ShadowSocks-libev-iOS/sodium (3.2.5)

DEPENDENCIES:
  - ShadowSocks-libev-iOS (from `https://github.com/NetworkExtensions/ShadowSocks-libev-iOS-2.git`, tag `dev`)

EXTERNAL SOURCES:
  ShadowSocks-libev-iOS:
    :git: https://github.com/NetworkExtensions/ShadowSocks-libev-iOS-2.git
    :tag: dev

CHECKOUT OPTIONS:
  ShadowSocks-libev-iOS:
    :git: https://github.com/NetworkExtensions/ShadowSocks-libev-iOS-2.git
    :tag: dev

SPEC CHECKSUMS:
  ShadowSocks-libev-iOS: 14f635962b69527b58af96e139a6b4b63ec4bf25

PODFILE CHECKSUM: a8b2b437e4ec992e2ee9ca2d642eef72d41a9e01

COCOAPODS: 1.10.2
